
Microsoft Visual Studio Solution File, Format Version 12.00
# Visual Studio Version 16
VisualStudioVersion = 16.0.30523.141
MinimumVisualStudioVersion = 10.0.40219.1
Project("{FAE04EC0-301F-11D3-BF4B-00C04F79EFBC}") = "libColecciones", "libColecciones\libColecciones.csproj", "{225A3A46-C095-44A1-8328-C547B089317B}"
EndProject
Project("{FAE04EC0-301F-11D3-BF4B-00C04F79EFBC}") = "uTest", "uTest\uTest.csproj", "{423E8BAB-50DC-4343-BC5B-6B1C5CD7FFF0}"
EndProject
Global
	GlobalSection(SolutionConfigurationPlatforms) = preSolution
		Debug|Any CPU = Debug|Any CPU
		Release|Any CPU = Release|Any CPU
	EndGlobalSection
	GlobalSection(ProjectConfigurationPlatforms) = postSolution
		{225A3A46-C095-44A1-8328-C547B089317B}.Debug|Any CPU.ActiveCfg = Debug|Any CPU
		{225A3A46-C095-44A1-8328-C547B089317B}.Debug|Any CPU.Build.0 = Debug|Any CPU
		{225A3A46-C095-44A1-8328-C547B089317B}.Release|Any CPU.ActiveCfg = Release|Any CPU
		{225A3A46-C095-44A1-8328-C547B089317B}.Release|Any CPU.Build.0 = Release|Any CPU
		{423E8BAB-50DC-4343-BC5B-6B1C5CD7FFF0}.Debug|Any CPU.ActiveCfg = Debug|Any CPU
		{423E8BAB-50DC-4343-BC5B-6B1C5CD7FFF0}.Debug|Any CPU.Build.0 = Debug|Any CPU
		{423E8BAB-50DC-4343-BC5B-6B1C5CD7FFF0}.Release|Any CPU.ActiveCfg = Release|Any CPU
		{423E8BAB-50DC-4343-BC5B-6B1C5CD7FFF0}.Release|Any CPU.Build.0 = Release|Any CPU
	EndGlobalSection
	GlobalSection(SolutionProperties) = preSolution
		HideSolutionNode = FALSE
	EndGlobalSection
	GlobalSection(ExtensibilityGlobals) = postSolution
		SolutionGuid = {09377B57-AF85-4907-8E6E-788B5F375D55}
	EndGlobalSection
EndGlobal
